{
  "nodes": {
    "nixpkgs": {
      "locked": {
        "lastModified": 1789009968,
        "narHash": "sha256-GB16oaxpsrnGNnGIE+0uYBqMRzB9X6FYDUvjvnJAYew=",
        "path": "/nix/store/9g5ii96ynv0cgdnninnv0rw37w5aai63-source",
        "rev": "d58a46e3bc02d91ebe04667f8397752a749c0024",
        "type": "path"
      },
      "original": {
        "id": "nixpkgs",
        "type": "indirect"
      }
    },
    "root": {
      "inputs": {
        "nixpkgs": "nixpkgs"
      }
    }
  },
  "root": "root",
  "version": 7
}
